
Microsoft Visual Studio Solution File, Format Version 12.00
# Visual Studio Version 16
VisualStudioVersion = 16.0.29709.97
MinimumVisualStudioVersion = 10.0.40219.1
Project("{FAE04EC0-301F-11D3-BF4B-00C04F79EFBC}") = "atest", "atest\atest.csproj", "{59D87E8C-A92C-4778-82A8-0BB6F5ABC9EC}"
EndProject
Global
	GlobalSection(SolutionConfigurationPlatforms) = preSolution
		Debug|Any CPU = Debug|Any CPU
		Release|Any CPU = Release|Any CPU
	EndGlobalSection
	GlobalSection(ProjectConfigurationPlatforms) = postSolution
		{59D87E8C-A92C-4778-82A8-0BB6F5ABC9EC}.Debug|Any CPU.ActiveCfg = Debug|Any CPU
		{59D87E8C-A92C-4778-82A8-0BB6F5ABC9EC}.Debug|Any CPU.Build.0 = Debug|Any CPU
		{59D87E8C-A92C-4778-82A8-0BB6F5ABC9EC}.Release|Any CPU.ActiveCfg = Release|Any CPU
		{59D87E8C-A92C-4778-82A8-0BB6F5ABC9EC}.Release|Any CPU.Build.0 = Release|Any CPU
	EndGlobalSection
	GlobalSection(SolutionProperties) = preSolution
		HideSolutionNode = FALSE
	EndGlobalSection
	GlobalSection(ExtensibilityGlobals) = postSolution
		SolutionGuid = {0501FB08-AC7D-42BC-ABF1-4CBB17767321}
	EndGlobalSection
EndGlobal
